
Microsoft Visual Studio Solution File, Format Version 12.00
# Visual Studio Version 17
VisualStudioVersion = 17.8.34511.84
MinimumVisualStudioVersion = 10.0.40219.1
Project("{9A19103F-16F7-4668-BE54-9A1E7A4F7556}") = "GymUniverse", "GymUniverse\GymUniverse.csproj", "{C5BF79D6-444A-42AF-903C-75B417F56F13}"
EndProject
Project("{2150E333-8FDC-42A3-9474-1A3956D46DE8}") = "Web", "Web", "{F6F64BAE-3354-4033-9585-F8D831EC6667}"
EndProject
Project("{2150E333-8FDC-42A3-9474-1A3956D46DE8}") = "Data", "Data", "{51362743-F0D6-4335-9EB0-1B9DEB5D60A0}"
EndProject
Project("{2150E333-8FDC-42A3-9474-1A3956D46DE8}") = "Tests", "Tests", "{8EB51D81-7171-496A-AEA2-910D400987E2}"
EndProject
Project("{9A19103F-16F7-4668-BE54-9A1E7A4F7556}") = "GymUniverse.Data", "GymUniverse.Data\GymUniverse.Data.csproj", "{091A5A5E-DA31-47CD-80D3-A1A0E99A92CB}"
EndProject
Project("{9A19103F-16F7-4668-BE54-9A1E7A4F7556}") = "GymUniverse.Models", "GymUniverse.Models\GymUniverse.Models.csproj", "{71F4FEA5-1C98-45B5-A10B-937A611CF061}"
EndProject
Project("{9A19103F-16F7-4668-BE54-9A1E7A4F7556}") = "GymUniverse.ViewModels", "GymUniverse.ViewModels\GymUniverse.ViewModels.csproj", "{076FD6D0-2059-4BD9-B586-9F2D07AC3EE6}"
EndProject
Project("{2150E333-8FDC-42A3-9474-1A3956D46DE8}") = "Constants", "Constants", "{A7A32213-6645-4051-B3A5-542EAECFE61C}"
EndProject
Project("{9A19103F-16F7-4668-BE54-9A1E7A4F7556}") = "GymUniverse.Constants", "GymUniverse.Constants\GymUniverse.Constants.csproj", "{CD9349BE-0497-47C0-9A37-69E6425D3285}"
EndProject
Project("{FAE04EC0-301F-11D3-BF4B-00C04F79EFBC}") = "GymUniverse.UnitTests", "GymUniverse.UnitTests\GymUniverse.UnitTests.csproj", "{042694FC-375F-478E-A2EA-46CD9F6008B1}"
EndProject
Global
	GlobalSection(SolutionConfigurationPlatforms) = preSolution
		Debug|Any CPU = Debug|Any CPU
		Release|Any CPU = Release|Any CPU
	EndGlobalSection
	GlobalSection(ProjectConfigurationPlatforms) = postSolution
		{C5BF79D6-444A-42AF-903C-75B417F56F13}.Debug|Any CPU.ActiveCfg = Debug|Any CPU
		{C5BF79D6-444A-42AF-903C-75B417F56F13}.Debug|Any CPU.Build.0 = Debug|Any CPU
		{C5BF79D6-444A-42AF-903C-75B417F56F13}.Release|Any CPU.ActiveCfg = Release|Any CPU
		{C5BF79D6-444A-42AF-903C-75B417F56F13}.Release|Any CPU.Build.0 = Release|Any CPU
		{091A5A5E-DA31-47CD-80D3-A1A0E99A92CB}.Debug|Any CPU.ActiveCfg = Debug|Any CPU
		{091A5A5E-DA31-47CD-80D3-A1A0E99A92CB}.Debug|Any CPU.Build.0 = Debug|Any CPU
		{091A5A5E-DA31-47CD-80D3-A1A0E99A92CB}.Release|Any CPU.ActiveCfg = Release|Any CPU
		{091A5A5E-DA31-47CD-80D3-A1A0E99A92CB}.Release|Any CPU.Build.0 = Release|Any CPU
		{71F4FEA5-1C98-45B5-A10B-937A611CF061}.Debug|Any CPU.ActiveCfg = Debug|Any CPU
		{71F4FEA5-1C98-45B5-A10B-937A611CF061}.Debug|Any CPU.Build.0 = Debug|Any CPU
		{71F4FEA5-1C98-45B5-A10B-937A611CF061}.Release|Any CPU.ActiveCfg = Release|Any CPU
		{71F4FEA5-1C98-45B5-A10B-937A611CF061}.Release|Any CPU.Build.0 = Release|Any CPU
		{076FD6D0-2059-4BD9-B586-9F2D07AC3EE6}.Debug|Any CPU.ActiveCfg = Debug|Any CPU
		{076FD6D0-2059-4BD9-B586-9F2D07AC3EE6}.Debug|Any CPU.Build.0 = Debug|Any CPU
		{076FD6D0-2059-4BD9-B586-9F2D07AC3EE6}.Release|Any CPU.ActiveCfg = Release|Any CPU
		{076FD6D0-2059-4BD9-B586-9F2D07AC3EE6}.Release|Any CPU.Build.0 = Release|Any CPU
		{CD9349BE-0497-47C0-9A37-69E6425D3285}.Debug|Any CPU.ActiveCfg = Debug|Any CPU
		{CD9349BE-0497-47C0-9A37-69E6425D3285}.Debug|Any CPU.Build.0 = Debug|Any CPU
		{CD9349BE-0497-47C0-9A37-69E6425D3285}.Release|Any CPU.ActiveCfg = Release|Any CPU
		{CD9349BE-0497-47C0-9A37-69E6425D3285}.Release|Any CPU.Build.0 = Release|Any CPU
		{042694FC-375F-478E-A2EA-46CD9F6008B1}.Debug|Any CPU.ActiveCfg = Debug|Any CPU
		{042694FC-375F-478E-A2EA-46CD9F6008B1}.Debug|Any CPU.Build.0 = Debug|Any CPU
		{042694FC-375F-478E-A2EA-46CD9F6008B1}.Release|Any CPU.ActiveCfg = Release|Any CPU
		{042694FC-375F-478E-A2EA-46CD9F6008B1}.Release|Any CPU.Build.0 = Release|Any CPU
	EndGlobalSection
	GlobalSection(SolutionProperties) = preSolution
		HideSolutionNode = FALSE
	EndGlobalSection
	GlobalSection(NestedProjects) = preSolution
		{C5BF79D6-444A-42AF-903C-75B417F56F13} = {F6F64BAE-3354-4033-9585-F8D831EC6667}
		{091A5A5E-DA31-47CD-80D3-A1A0E99A92CB} = {51362743-F0D6-4335-9EB0-1B9DEB5D60A0}
		{71F4FEA5-1C98-45B5-A10B-937A611CF061} = {51362743-F0D6-4335-9EB0-1B9DEB5D60A0}
		{076FD6D0-2059-4BD9-B586-9F2D07AC3EE6} = {F6F64BAE-3354-4033-9585-F8D831EC6667}
		{CD9349BE-0497-47C0-9A37-69E6425D3285} = {A7A32213-6645-4051-B3A5-542EAECFE61C}
		{042694FC-375F-478E-A2EA-46CD9F6008B1} = {8EB51D81-7171-496A-AEA2-910D400987E2}
	EndGlobalSection
	GlobalSection(ExtensibilityGlobals) = postSolution
		SolutionGuid = {2F02E735-B033-4136-B5AA-AA2923957A0C}
	EndGlobalSection
EndGlobal
